
Microsoft Visual Studio Solution File, Format Version 12.00
# Visual Studio Version 16
VisualStudioVersion = 16.0.29324.140
MinimumVisualStudioVersion = 10.0.40219.1
Project("{8BC9CEB8-8B4A-11D0-8D11-00A0C91BC942}") = "pl0_lexer", "pl0_lexer.vcxproj", "{838EF364-770A-4809-8D76-3574F8FE28BF}"
EndProject
Global
	GlobalSection(SolutionConfigurationPlatforms) = preSolution
		Debug|x64 = Debug|x64
		Debug|x86 = Debug|x86
		Release|x64 = Release|x64
		Release|x86 = Release|x86
	EndGlobalSection
	GlobalSection(ProjectConfigurationPlatforms) = postSolution
		{838EF364-770A-4809-8D76-3574F8FE28BF}.Debug|x64.ActiveCfg = Debug|x64
		{838EF364-770A-4809-8D76-3574F8FE28BF}.Debug|x64.Build.0 = Debug|x64
		{838EF364-770A-4809-8D76-3574F8FE28BF}.Debug|x86.ActiveCfg = Debug|Win32
		{838EF364-770A-4809-8D76-3574F8FE28BF}.Debug|x86.Build.0 = Debug|Win32
		{838EF364-770A-4809-8D76-3574F8FE28BF}.Release|x64.ActiveCfg = Release|x64
		{838EF364-770A-4809-8D76-3574F8FE28BF}.Release|x64.Build.0 = Release|x64
		{838EF364-770A-4809-8D76-3574F8FE28BF}.Release|x86.ActiveCfg = Release|Win32
		{838EF364-770A-4809-8D76-3574F8FE28BF}.Release|x86.Build.0 = Release|Win32
	EndGlobalSection
	GlobalSection(SolutionProperties) = preSolution
		HideSolutionNode = FALSE
	EndGlobalSection
	GlobalSection(ExtensibilityGlobals) = postSolution
		SolutionGuid = {42BF081F-DCA2-48D6-8D88-0D84D34514C9}
	EndGlobalSection
EndGlobal
